
Microsoft Visual Studio Solution File, Format Version 12.00
# Visual Studio 2015
Project("{FAE04EC0-301F-11D3-BF4B-00C04F79EFBC}") = "Project-Earl.CSharp", "Project-Earl.CSharp.csproj", "{68443658-CD77-61AE-89A5-5537B3B84380}"
EndProject
Project("{FAE04EC0-301F-11D3-BF4B-00C04F79EFBC}") = "Project-Earl.CSharp.Editor", "Project-Earl.CSharp.Editor.csproj", "{D102B3B8-5C97-4E26-D24F-D2B26DD9FFD2}"
EndProject
Global
	GlobalSection(SolutionConfigurationPlatforms) = preSolution
		Debug|Any CPU = Debug|Any CPU
		Release|Any CPU = Release|Any CPU
	EndGlobalSection
	GlobalSection(ProjectConfigurationPlatforms) = postSolution
		{68443658-CD77-61AE-89A5-5537B3B84380}.Debug|Any CPU.ActiveCfg = Debug|Any CPU
		{68443658-CD77-61AE-89A5-5537B3B84380}.Debug|Any CPU.Build.0 = Debug|Any CPU
		{68443658-CD77-61AE-89A5-5537B3B84380}.Release|Any CPU.ActiveCfg = Release|Any CPU
		{68443658-CD77-61AE-89A5-5537B3B84380}.Release|Any CPU.Build.0 = Release|Any CPU
		{D102B3B8-5C97-4E26-D24F-D2B26DD9FFD2}.Debug|Any CPU.ActiveCfg = Debug|Any CPU
		{D102B3B8-5C97-4E26-D24F-D2B26DD9FFD2}.Debug|Any CPU.Build.0 = Debug|Any CPU
		{D102B3B8-5C97-4E26-D24F-D2B26DD9FFD2}.Release|Any CPU.ActiveCfg = Release|Any CPU
		{D102B3B8-5C97-4E26-D24F-D2B26DD9FFD2}.Release|Any CPU.Build.0 = Release|Any CPU
	EndGlobalSection
	GlobalSection(SolutionProperties) = preSolution
		HideSolutionNode = FALSE
	EndGlobalSection
EndGlobal
